
Microsoft Visual Studio Solution File, Format Version 12.00
# Visual Studio Version 17
VisualStudioVersion = 17.5.002.0
MinimumVisualStudioVersion = 10.0.40219.1
Project("{9A19103F-16F7-4668-BE54-9A1E7A4F7556}") = "HelloWorld(console application)", "HelloWorld(console application).csproj", "{09A61A9C-F487-4079-A9B1-0544E3619074}"
EndProject
Project("{FAE04EC0-301F-11D3-BF4B-00C04F79EFBC}") = "TaskManager(console application)", "..\TaskManager\TaskManager(console application).csproj", "{2626D9E5-3151-40E6-8789-53A2785FC093}"
EndProject
Global
	GlobalSection(SolutionConfigurationPlatforms) = preSolution
		Debug|Any CPU = Debug|Any CPU
		Release|Any CPU = Release|Any CPU
	EndGlobalSection
	GlobalSection(ProjectConfigurationPlatforms) = postSolution
		{09A61A9C-F487-4079-A9B1-0544E3619074}.Debug|Any CPU.ActiveCfg = Debug|Any CPU
		{09A61A9C-F487-4079-A9B1-0544E3619074}.Debug|Any CPU.Build.0 = Debug|Any CPU
		{09A61A9C-F487-4079-A9B1-0544E3619074}.Release|Any CPU.ActiveCfg = Release|Any CPU
		{09A61A9C-F487-4079-A9B1-0544E3619074}.Release|Any CPU.Build.0 = Release|Any CPU
		{2626D9E5-3151-40E6-8789-53A2785FC093}.Debug|Any CPU.ActiveCfg = Debug|Any CPU
		{2626D9E5-3151-40E6-8789-53A2785FC093}.Debug|Any CPU.Build.0 = Debug|Any CPU
		{2626D9E5-3151-40E6-8789-53A2785FC093}.Release|Any CPU.ActiveCfg = Release|Any CPU
		{2626D9E5-3151-40E6-8789-53A2785FC093}.Release|Any CPU.Build.0 = Release|Any CPU
	EndGlobalSection
	GlobalSection(SolutionProperties) = preSolution
		HideSolutionNode = FALSE
	EndGlobalSection
	GlobalSection(ExtensibilityGlobals) = postSolution
		SolutionGuid = {E099608C-36A1-46FA-B3C8-F2FD5652173B}
	EndGlobalSection
EndGlobal
